
Microsoft Visual Studio Solution File, Format Version 12.00
# Visual Studio Version 16
VisualStudioVersion = 16.0.29009.5
MinimumVisualStudioVersion = 10.0.40219.1
Project("{FAE04EC0-301F-11D3-BF4B-00C04F79EFBC}") = "SGM.WindowsForms", "src\SGM.WindowsForms\SGM.WindowsForms.csproj", "{1F49ABDC-B8A5-43BE-BD61-E84694AA15E9}"
EndProject
Project("{54435603-DBB4-11D2-8724-00A0C9A8B90C}") = "SGM.Instalador", "src\SGM.Instalador\SGM.Instalador.vdproj", "{DC3259D6-224C-4BDE-805D-9A1ED8F8613D}"
EndProject
Project("{2150E333-8FDC-42A3-9474-1A3956D46DE8}") = "2 - ApplicationServices", "2 - ApplicationServices", "{353A44A3-3693-4067-B7F9-2021F26C0F6A}"
EndProject
Project("{2150E333-8FDC-42A3-9474-1A3956D46DE8}") = "1 - Apresentation", "1 - Apresentation", "{0915B30B-9B59-42B6-BBEF-A0D9B94BC751}"
EndProject
Project("{9A19103F-16F7-4668-BE54-9A1E7A4F7556}") = "SGM.ApplicationServices", "src\SGM.ApplicationServices\SGM.ApplicationServices.csproj", "{D83029AC-393C-41AF-9B3F-7EEBD9D1D762}"
EndProject
Project("{2150E333-8FDC-42A3-9474-1A3956D46DE8}") = "3 - Infrastructure", "3 - Infrastructure", "{B7DA149A-EE58-4D03-BA76-758E51532662}"
EndProject
Project("{FAE04EC0-301F-11D3-BF4B-00C04F79EFBC}") = "SGM.Infrastructure", "src\SGM.Infrastructure\SGM.Infrastructure.csproj", "{2F5A2772-1F48-4BAD-9DE7-4BD6CA9C33E5}"
EndProject
Global
	GlobalSection(SolutionConfigurationPlatforms) = preSolution
		Debug|Any CPU = Debug|Any CPU
		Debug|x86 = Debug|x86
		Release|Any CPU = Release|Any CPU
		Release|x86 = Release|x86
	EndGlobalSection
	GlobalSection(ProjectConfigurationPlatforms) = postSolution
		{1F49ABDC-B8A5-43BE-BD61-E84694AA15E9}.Debug|Any CPU.ActiveCfg = Debug|Any CPU
		{1F49ABDC-B8A5-43BE-BD61-E84694AA15E9}.Debug|Any CPU.Build.0 = Debug|Any CPU
		{1F49ABDC-B8A5-43BE-BD61-E84694AA15E9}.Debug|x86.ActiveCfg = Debug|x86
		{1F49ABDC-B8A5-43BE-BD61-E84694AA15E9}.Debug|x86.Build.0 = Debug|x86
		{1F49ABDC-B8A5-43BE-BD61-E84694AA15E9}.Release|Any CPU.ActiveCfg = Debug|Any CPU
		{1F49ABDC-B8A5-43BE-BD61-E84694AA15E9}.Release|Any CPU.Build.0 = Debug|Any CPU
		{1F49ABDC-B8A5-43BE-BD61-E84694AA15E9}.Release|x86.ActiveCfg = Release|x86
		{1F49ABDC-B8A5-43BE-BD61-E84694AA15E9}.Release|x86.Build.0 = Release|x86
		{DC3259D6-224C-4BDE-805D-9A1ED8F8613D}.Debug|Any CPU.ActiveCfg = Debug
		{DC3259D6-224C-4BDE-805D-9A1ED8F8613D}.Debug|x86.ActiveCfg = Debug
		{DC3259D6-224C-4BDE-805D-9A1ED8F8613D}.Release|Any CPU.ActiveCfg = Release
		{DC3259D6-224C-4BDE-805D-9A1ED8F8613D}.Release|x86.ActiveCfg = Release
		{D83029AC-393C-41AF-9B3F-7EEBD9D1D762}.Debug|Any CPU.ActiveCfg = Debug|Any CPU
		{D83029AC-393C-41AF-9B3F-7EEBD9D1D762}.Debug|Any CPU.Build.0 = Debug|Any CPU
		{D83029AC-393C-41AF-9B3F-7EEBD9D1D762}.Debug|x86.ActiveCfg = Debug|Any CPU
		{D83029AC-393C-41AF-9B3F-7EEBD9D1D762}.Debug|x86.Build.0 = Debug|Any CPU
		{D83029AC-393C-41AF-9B3F-7EEBD9D1D762}.Release|Any CPU.ActiveCfg = Release|Any CPU
		{D83029AC-393C-41AF-9B3F-7EEBD9D1D762}.Release|Any CPU.Build.0 = Release|Any CPU
		{D83029AC-393C-41AF-9B3F-7EEBD9D1D762}.Release|x86.ActiveCfg = Release|Any CPU
		{D83029AC-393C-41AF-9B3F-7EEBD9D1D762}.Release|x86.Build.0 = Release|Any CPU
		{2F5A2772-1F48-4BAD-9DE7-4BD6CA9C33E5}.Debug|Any CPU.ActiveCfg = Debug|Any CPU
		{2F5A2772-1F48-4BAD-9DE7-4BD6CA9C33E5}.Debug|Any CPU.Build.0 = Debug|Any CPU
		{2F5A2772-1F48-4BAD-9DE7-4BD6CA9C33E5}.Debug|x86.ActiveCfg = Debug|Any CPU
		{2F5A2772-1F48-4BAD-9DE7-4BD6CA9C33E5}.Debug|x86.Build.0 = Debug|Any CPU
		{2F5A2772-1F48-4BAD-9DE7-4BD6CA9C33E5}.Release|Any CPU.ActiveCfg = Release|Any CPU
		{2F5A2772-1F48-4BAD-9DE7-4BD6CA9C33E5}.Release|Any CPU.Build.0 = Release|Any CPU
		{2F5A2772-1F48-4BAD-9DE7-4BD6CA9C33E5}.Release|x86.ActiveCfg = Release|Any CPU
		{2F5A2772-1F48-4BAD-9DE7-4BD6CA9C33E5}.Release|x86.Build.0 = Release|Any CPU
	EndGlobalSection
	GlobalSection(SolutionProperties) = preSolution
		HideSolutionNode = FALSE
	EndGlobalSection
	GlobalSection(NestedProjects) = preSolution
		{1F49ABDC-B8A5-43BE-BD61-E84694AA15E9} = {0915B30B-9B59-42B6-BBEF-A0D9B94BC751}
		{DC3259D6-224C-4BDE-805D-9A1ED8F8613D} = {B7DA149A-EE58-4D03-BA76-758E51532662}
		{D83029AC-393C-41AF-9B3F-7EEBD9D1D762} = {353A44A3-3693-4067-B7F9-2021F26C0F6A}
		{2F5A2772-1F48-4BAD-9DE7-4BD6CA9C33E5} = {B7DA149A-EE58-4D03-BA76-758E51532662}
	EndGlobalSection
	GlobalSection(ExtensibilityGlobals) = postSolution
		SolutionGuid = {80159BB2-2612-4935-A517-A314B820ED89}
	EndGlobalSection
EndGlobal
