
Microsoft Visual Studio Solution File, Format Version 12.00
# Visual Studio Version 16
VisualStudioVersion = 16.0.29009.5
MinimumVisualStudioVersion = 10.0.40219.1
Project("{FAE04EC0-301F-11D3-BF4B-00C04F79EFBC}") = "GUI", "GUI\GUI.csproj", "{1F49ABDC-B8A5-43BE-BD61-E84694AA15E9}"
EndProject
Project("{FAE04EC0-301F-11D3-BF4B-00C04F79EFBC}") = "Modelo", "Modelo\Modelo.csproj", "{87A79315-966B-4BA0-A08C-6FFD29DD8469}"
EndProject
Project("{FAE04EC0-301F-11D3-BF4B-00C04F79EFBC}") = "DAL", "DAL\DAL.csproj", "{AAA136D7-9514-493A-BF49-775F2D2A0211}"
EndProject
Project("{FAE04EC0-301F-11D3-BF4B-00C04F79EFBC}") = "BLL", "BBL\BLL.csproj", "{9CF5AEE1-3F0D-4173-8F4A-E013B79AB664}"
EndProject
Project("{FAE04EC0-301F-11D3-BF4B-00C04F79EFBC}") = "MP2032", "MP2032\MP2032.csproj", "{4B1706C4-287D-49FD-97EF-AE0FE48A7D97}"
EndProject
Project("{2150E333-8FDC-42A3-9474-1A3956D46DE8}") = "1 - Model (Mapeamento de Entidades)", "1 - Model (Mapeamento de Entidades)", "{B43C4864-D2CA-4377-9122-4A73ED6D2804}"
EndProject
Project("{2150E333-8FDC-42A3-9474-1A3956D46DE8}") = "2 - Controller", "2 - Controller", "{CA4399F4-0B28-45F3-AC47-21EA8BB9769C}"
EndProject
Project("{2150E333-8FDC-42A3-9474-1A3956D46DE8}") = "3 - Views", "3 - Views", "{8BD82661-E1A6-408A-B929-D7FFB81EA381}"
EndProject
Project("{2150E333-8FDC-42A3-9474-1A3956D46DE8}") = "4 - Externo", "4 - Externo", "{8829FE27-79E1-4E5D-89E6-67D47BE2885E}"
EndProject
Project("{2150E333-8FDC-42A3-9474-1A3956D46DE8}") = "2.1 - Regras de Negócio", "2.1 - Regras de Negócio", "{3CE4E746-A4D4-4901-ADB8-70A72536AA58}"
EndProject
Project("{2150E333-8FDC-42A3-9474-1A3956D46DE8}") = "2.2 - Infraestrutura", "2.2 - Infraestrutura", "{5C16CB41-E983-4DC7-81C9-EC7749AF60CB}"
EndProject
Project("{2150E333-8FDC-42A3-9474-1A3956D46DE8}") = "3.1 - Interfaces", "3.1 - Interfaces", "{B125E4CB-FB50-44BA-AF47-FE97505E0943}"
EndProject
Project("{2150E333-8FDC-42A3-9474-1A3956D46DE8}") = "1.1 - Modelo de Dados", "1.1 - Modelo de Dados", "{628329E1-2C28-4DEF-A1FD-8830EA44B59A}"
EndProject
Global
	GlobalSection(SolutionConfigurationPlatforms) = preSolution
		Debug|Any CPU = Debug|Any CPU
		Debug|x86 = Debug|x86
		Release|Any CPU = Release|Any CPU
		Release|x86 = Release|x86
	EndGlobalSection
	GlobalSection(ProjectConfigurationPlatforms) = postSolution
		{1F49ABDC-B8A5-43BE-BD61-E84694AA15E9}.Debug|Any CPU.ActiveCfg = Debug|Any CPU
		{1F49ABDC-B8A5-43BE-BD61-E84694AA15E9}.Debug|Any CPU.Build.0 = Debug|Any CPU
		{1F49ABDC-B8A5-43BE-BD61-E84694AA15E9}.Debug|x86.ActiveCfg = Debug|x86
		{1F49ABDC-B8A5-43BE-BD61-E84694AA15E9}.Debug|x86.Build.0 = Debug|x86
		{1F49ABDC-B8A5-43BE-BD61-E84694AA15E9}.Release|Any CPU.ActiveCfg = Release|Any CPU
		{1F49ABDC-B8A5-43BE-BD61-E84694AA15E9}.Release|Any CPU.Build.0 = Release|Any CPU
		{1F49ABDC-B8A5-43BE-BD61-E84694AA15E9}.Release|x86.ActiveCfg = Release|x86
		{1F49ABDC-B8A5-43BE-BD61-E84694AA15E9}.Release|x86.Build.0 = Release|x86
		{87A79315-966B-4BA0-A08C-6FFD29DD8469}.Debug|Any CPU.ActiveCfg = Debug|Any CPU
		{87A79315-966B-4BA0-A08C-6FFD29DD8469}.Debug|Any CPU.Build.0 = Debug|Any CPU
		{87A79315-966B-4BA0-A08C-6FFD29DD8469}.Debug|x86.ActiveCfg = Debug|x86
		{87A79315-966B-4BA0-A08C-6FFD29DD8469}.Debug|x86.Build.0 = Debug|x86
		{87A79315-966B-4BA0-A08C-6FFD29DD8469}.Release|Any CPU.ActiveCfg = Release|Any CPU
		{87A79315-966B-4BA0-A08C-6FFD29DD8469}.Release|Any CPU.Build.0 = Release|Any CPU
		{87A79315-966B-4BA0-A08C-6FFD29DD8469}.Release|x86.ActiveCfg = Release|x86
		{87A79315-966B-4BA0-A08C-6FFD29DD8469}.Release|x86.Build.0 = Release|x86
		{AAA136D7-9514-493A-BF49-775F2D2A0211}.Debug|Any CPU.ActiveCfg = Debug|Any CPU
		{AAA136D7-9514-493A-BF49-775F2D2A0211}.Debug|Any CPU.Build.0 = Debug|Any CPU
		{AAA136D7-9514-493A-BF49-775F2D2A0211}.Debug|x86.ActiveCfg = Debug|x86
		{AAA136D7-9514-493A-BF49-775F2D2A0211}.Debug|x86.Build.0 = Debug|x86
		{AAA136D7-9514-493A-BF49-775F2D2A0211}.Release|Any CPU.ActiveCfg = Release|Any CPU
		{AAA136D7-9514-493A-BF49-775F2D2A0211}.Release|Any CPU.Build.0 = Release|Any CPU
		{AAA136D7-9514-493A-BF49-775F2D2A0211}.Release|x86.ActiveCfg = Release|x86
		{AAA136D7-9514-493A-BF49-775F2D2A0211}.Release|x86.Build.0 = Release|x86
		{9CF5AEE1-3F0D-4173-8F4A-E013B79AB664}.Debug|Any CPU.ActiveCfg = Debug|Any CPU
		{9CF5AEE1-3F0D-4173-8F4A-E013B79AB664}.Debug|Any CPU.Build.0 = Debug|Any CPU
		{9CF5AEE1-3F0D-4173-8F4A-E013B79AB664}.Debug|x86.ActiveCfg = Debug|x86
		{9CF5AEE1-3F0D-4173-8F4A-E013B79AB664}.Debug|x86.Build.0 = Debug|x86
		{9CF5AEE1-3F0D-4173-8F4A-E013B79AB664}.Release|Any CPU.ActiveCfg = Release|Any CPU
		{9CF5AEE1-3F0D-4173-8F4A-E013B79AB664}.Release|Any CPU.Build.0 = Release|Any CPU
		{9CF5AEE1-3F0D-4173-8F4A-E013B79AB664}.Release|x86.ActiveCfg = Release|x86
		{9CF5AEE1-3F0D-4173-8F4A-E013B79AB664}.Release|x86.Build.0 = Release|x86
		{4B1706C4-287D-49FD-97EF-AE0FE48A7D97}.Debug|Any CPU.ActiveCfg = Debug|Any CPU
		{4B1706C4-287D-49FD-97EF-AE0FE48A7D97}.Debug|Any CPU.Build.0 = Debug|Any CPU
		{4B1706C4-287D-49FD-97EF-AE0FE48A7D97}.Debug|x86.ActiveCfg = Debug|Any CPU
		{4B1706C4-287D-49FD-97EF-AE0FE48A7D97}.Debug|x86.Build.0 = Debug|Any CPU
		{4B1706C4-287D-49FD-97EF-AE0FE48A7D97}.Release|Any CPU.ActiveCfg = Release|Any CPU
		{4B1706C4-287D-49FD-97EF-AE0FE48A7D97}.Release|Any CPU.Build.0 = Release|Any CPU
		{4B1706C4-287D-49FD-97EF-AE0FE48A7D97}.Release|x86.ActiveCfg = Release|Any CPU
		{4B1706C4-287D-49FD-97EF-AE0FE48A7D97}.Release|x86.Build.0 = Release|Any CPU
	EndGlobalSection
	GlobalSection(SolutionProperties) = preSolution
		HideSolutionNode = FALSE
	EndGlobalSection
	GlobalSection(NestedProjects) = preSolution
		{1F49ABDC-B8A5-43BE-BD61-E84694AA15E9} = {B125E4CB-FB50-44BA-AF47-FE97505E0943}
		{87A79315-966B-4BA0-A08C-6FFD29DD8469} = {628329E1-2C28-4DEF-A1FD-8830EA44B59A}
		{AAA136D7-9514-493A-BF49-775F2D2A0211} = {5C16CB41-E983-4DC7-81C9-EC7749AF60CB}
		{9CF5AEE1-3F0D-4173-8F4A-E013B79AB664} = {3CE4E746-A4D4-4901-ADB8-70A72536AA58}
		{4B1706C4-287D-49FD-97EF-AE0FE48A7D97} = {8829FE27-79E1-4E5D-89E6-67D47BE2885E}
		{3CE4E746-A4D4-4901-ADB8-70A72536AA58} = {CA4399F4-0B28-45F3-AC47-21EA8BB9769C}
		{5C16CB41-E983-4DC7-81C9-EC7749AF60CB} = {CA4399F4-0B28-45F3-AC47-21EA8BB9769C}
		{B125E4CB-FB50-44BA-AF47-FE97505E0943} = {8BD82661-E1A6-408A-B929-D7FFB81EA381}
		{628329E1-2C28-4DEF-A1FD-8830EA44B59A} = {B43C4864-D2CA-4377-9122-4A73ED6D2804}
	EndGlobalSection
	GlobalSection(ExtensibilityGlobals) = postSolution
		SolutionGuid = {80159BB2-2612-4935-A517-A314B820ED89}
	EndGlobalSection
EndGlobal
